<?xml version="1.0" encoding="utf-8"?>
<Project ToolsVersion="4.0" xmlns="http://schemas.microsoft.com/developer/msbuild/2003">
  <ItemGroup>
    <ClCompile Include="r_sock.cpp" />
    <ClCompile Include="r_thread.cpp" />
    <ClCompile Include="rtsp.cpp" />
    <ClCompile Include="dec_thread.cpp" />
    <ClCompile Include="rev_thread.cpp" />
    <ClCompile Include="ren_thread.cpp" />
    <ClCompile Include="r_util.cpp" />
    <ClCompile Include="vren_thread.cpp" />
    <ClCompile Include="libyuv\source\row_win.cc">
      <Filter>libyuv\source</Filter>
    </ClCompile>
    <ClCompile Include="libyuv\source\scale.cc">
      <Filter>libyuv\source</Filter>
    </ClCompile>
    <ClCompile Include="libyuv\source\scale_any.cc">
      <Filter>libyuv\source</Filter>
    </ClCompile>
    <ClCompile Include="libyuv\source\scale_argb.cc">
      <Filter>libyuv\source</Filter>
    </ClCompile>
    <ClCompile Include="libyuv\source\scale_common.cc">
      <Filter>libyuv\source</Filter>
    </ClCompile>
    <ClCompile Include="libyuv\source\scale_win.cc">
      <Filter>libyuv\source</Filter>
    </ClCompile>
    <ClCompile Include="libyuv\source\video_common.cc">
      <Filter>libyuv\source</Filter>
    </ClCompile>
    <ClCompile Include="libyuv\source\compare.cc">
      <Filter>libyuv\source</Filter>
    </ClCompile>
    <ClCompile Include="libyuv\source\compare_common.cc">
      <Filter>libyuv\source</Filter>
    </ClCompile>
    <ClCompile Include="libyuv\source\compare_win.cc">
      <Filter>libyuv\source</Filter>
    </ClCompile>
    <ClCompile Include="libyuv\source\convert.cc">
      <Filter>libyuv\source</Filter>
    </ClCompile>
    <ClCompile Include="libyuv\source\convert_argb.cc">
      <Filter>libyuv\source</Filter>
    </ClCompile>
    <ClCompile Include="libyuv\source\convert_from.cc">
      <Filter>libyuv\source</Filter>
    </ClCompile>
    <ClCompile Include="libyuv\source\convert_from_argb.cc">
      <Filter>libyuv\source</Filter>
    </ClCompile>
    <ClCompile Include="libyuv\source\convert_jpeg.cc">
      <Filter>libyuv\source</Filter>
    </ClCompile>
    <ClCompile Include="libyuv\source\convert_to_argb.cc">
      <Filter>libyuv\source</Filter>
    </ClCompile>
    <ClCompile Include="libyuv\source\convert_to_i420.cc">
      <Filter>libyuv\source</Filter>
    </ClCompile>
    <ClCompile Include="libyuv\source\cpu_id.cc">
      <Filter>libyuv\source</Filter>
    </ClCompile>
    <ClCompile Include="libyuv\source\mjpeg_decoder.cc">
      <Filter>libyuv\source</Filter>
    </ClCompile>
    <ClCompile Include="libyuv\source\mjpeg_validate.cc">
      <Filter>libyuv\source</Filter>
    </ClCompile>
    <ClCompile Include="libyuv\source\planar_functions.cc">
      <Filter>libyuv\source</Filter>
    </ClCompile>
    <ClCompile Include="libyuv\source\rotate.cc">
      <Filter>libyuv\source</Filter>
    </ClCompile>
    <ClCompile Include="libyuv\source\rotate_any.cc">
      <Filter>libyuv\source</Filter>
    </ClCompile>
    <ClCompile Include="libyuv\source\rotate_argb.cc">
      <Filter>libyuv\source</Filter>
    </ClCompile>
    <ClCompile Include="libyuv\source\rotate_common.cc">
      <Filter>libyuv\source</Filter>
    </ClCompile>
    <ClCompile Include="libyuv\source\rotate_win.cc">
      <Filter>libyuv\source</Filter>
    </ClCompile>
    <ClCompile Include="libyuv\source\row_any.cc">
      <Filter>libyuv\source</Filter>
    </ClCompile>
    <ClCompile Include="libyuv\source\row_common.cc">
      <Filter>libyuv\source</Filter>
    </ClCompile>
    <ClCompile Include="aren_thread.cpp" />
  </ItemGroup>
  <ItemGroup>
    <ClInclude Include="r_sock.h" />
    <ClInclude Include="r_string.h" />
    <ClInclude Include="r_thread.h" />
    <ClInclude Include="rtsp.h" />
    <ClInclude Include="rev_thread.h" />
    <ClInclude Include="dec_thread.h" />
    <ClInclude Include="ren_thread.h" />
    <ClInclude Include="r_util.h" />
    <ClInclude Include="media_track.h" />
    <ClInclude Include="vren_thread.h" />
    <ClInclude Include="libyuv\include\libyuv.h">
      <Filter>libyuv\include</Filter>
    </ClInclude>
    <ClInclude Include="libyuv\include\libyuv\convert.h">
      <Filter>libyuv\include\libyuv</Filter>
    </ClInclude>
    <ClInclude Include="libyuv\include\libyuv\convert_argb.h">
      <Filter>libyuv\include\libyuv</Filter>
    </ClInclude>
    <ClInclude Include="libyuv\include\libyuv\convert_from.h">
      <Filter>libyuv\include\libyuv</Filter>
    </ClInclude>
    <ClInclude Include="libyuv\include\libyuv\convert_from_argb.h">
      <Filter>libyuv\include\libyuv</Filter>
    </ClInclude>
    <ClInclude Include="libyuv\include\libyuv\cpu_id.h">
      <Filter>libyuv\include\libyuv</Filter>
    </ClInclude>
    <ClInclude Include="libyuv\include\libyuv\macros_msa.h">
      <Filter>libyuv\include\libyuv</Filter>
    </ClInclude>
    <ClInclude Include="libyuv\include\libyuv\mjpeg_decoder.h">
      <Filter>libyuv\include\libyuv</Filter>
    </ClInclude>
    <ClInclude Include="libyuv\include\libyuv\planar_functions.h">
      <Filter>libyuv\include\libyuv</Filter>
    </ClInclude>
    <ClInclude Include="libyuv\include\libyuv\rotate.h">
      <Filter>libyuv\include\libyuv</Filter>
    </ClInclude>
    <ClInclude Include="libyuv\include\libyuv\rotate_argb.h">
      <Filter>libyuv\include\libyuv</Filter>
    </ClInclude>
    <ClInclude Include="libyuv\include\libyuv\rotate_row.h">
      <Filter>libyuv\include\libyuv</Filter>
    </ClInclude>
    <ClInclude Include="libyuv\include\libyuv\row.h">
      <Filter>libyuv\include\libyuv</Filter>
    </ClInclude>
    <ClInclude Include="libyuv\include\libyuv\scale.h">
      <Filter>libyuv\include\libyuv</Filter>
    </ClInclude>
    <ClInclude Include="libyuv\include\libyuv\scale_argb.h">
      <Filter>libyuv\include\libyuv</Filter>
    </ClInclude>
    <ClInclude Include="libyuv\include\libyuv\scale_row.h">
      <Filter>libyuv\include\libyuv</Filter>
    </ClInclude>
    <ClInclude Include="libyuv\include\libyuv\version.h">
      <Filter>libyuv\include\libyuv</Filter>
    </ClInclude>
    <ClInclude Include="libyuv\include\libyuv\video_common.h">
      <Filter>libyuv\include\libyuv</Filter>
    </ClInclude>
    <ClInclude Include="libyuv\include\libyuv\basic_types.h">
      <Filter>libyuv\include\libyuv</Filter>
    </ClInclude>
    <ClInclude Include="libyuv\include\libyuv\compare.h">
      <Filter>libyuv\include\libyuv</Filter>
    </ClInclude>
    <ClInclude Include="libyuv\include\libyuv\compare_row.h">
      <Filter>libyuv\include\libyuv</Filter>
    </ClInclude>
    <ClInclude Include="aren_thread.h" />
  </ItemGroup>
  <ItemGroup>
    <Filter Include="libyuv">
      <UniqueIdentifier>{61e932c4-f939-4b56-a917-bc592232cc48}</UniqueIdentifier>
    </Filter>
    <Filter Include="libyuv\source">
      <UniqueIdentifier>{c354e285-e20a-4c81-97c4-767ffeea378e}</UniqueIdentifier>
    </Filter>
    <Filter Include="libyuv\include">
      <UniqueIdentifier>{c667a65d-6433-4d22-96d6-d8f7c69c8254}</UniqueIdentifier>
    </Filter>
    <Filter Include="libyuv\include\libyuv">
      <UniqueIdentifier>{9c00bbb2-01b6-448d-aab0-9a85efe44b3d}</UniqueIdentifier>
    </Filter>
  </ItemGroup>
</Project>